
Microsoft Visual Studio Solution File, Format Version 12.00
# Visual Studio Version 17
VisualStudioVersion = 17.0.31903.59
MinimumVisualStudioVersion = 10.0.40219.1
Project("{FAE04EC0-301F-11D3-BF4B-00C04F79EFBC}") = "Coworking.Web", "Coworking.Web\Coworking.Web.csproj", "{BAA7007E-F8EB-4702-A2FE-8E59CB68F1FB}"
EndProject
Project("{FAE04EC0-301F-11D3-BF4B-00C04F79EFBC}") = "Coworking.Core", "Coworking.Core\Coworking.Core.csproj", "{7EB4058A-E459-4154-8A16-5E63796B8B97}"
EndProject
Project("{FAE04EC0-301F-11D3-BF4B-00C04F79EFBC}") = "Coworking.Infrastructure", "Coworking.Infrastructure\Coworking.Infrastructure.csproj", "{2B69E0D1-4D97-4388-A854-60CE0124BD32}"
EndProject
Global
	GlobalSection(SolutionConfigurationPlatforms) = preSolution
		Debug|Any CPU = Debug|Any CPU
		Debug|x64 = Debug|x64
		Debug|x86 = Debug|x86
		Release|Any CPU = Release|Any CPU
		Release|x64 = Release|x64
		Release|x86 = Release|x86
	EndGlobalSection
	GlobalSection(ProjectConfigurationPlatforms) = postSolution
		{BAA7007E-F8EB-4702-A2FE-8E59CB68F1FB}.Debug|Any CPU.ActiveCfg = Debug|Any CPU
		{BAA7007E-F8EB-4702-A2FE-8E59CB68F1FB}.Debug|Any CPU.Build.0 = Debug|Any CPU
		{BAA7007E-F8EB-4702-A2FE-8E59CB68F1FB}.Debug|x64.ActiveCfg = Debug|Any CPU
		{BAA7007E-F8EB-4702-A2FE-8E59CB68F1FB}.Debug|x64.Build.0 = Debug|Any CPU
		{BAA7007E-F8EB-4702-A2FE-8E59CB68F1FB}.Debug|x86.ActiveCfg = Debug|Any CPU
		{BAA7007E-F8EB-4702-A2FE-8E59CB68F1FB}.Debug|x86.Build.0 = Debug|Any CPU
		{BAA7007E-F8EB-4702-A2FE-8E59CB68F1FB}.Release|Any CPU.ActiveCfg = Release|Any CPU
		{BAA7007E-F8EB-4702-A2FE-8E59CB68F1FB}.Release|Any CPU.Build.0 = Release|Any CPU
		{BAA7007E-F8EB-4702-A2FE-8E59CB68F1FB}.Release|x64.ActiveCfg = Release|Any CPU
		{BAA7007E-F8EB-4702-A2FE-8E59CB68F1FB}.Release|x64.Build.0 = Release|Any CPU
		{BAA7007E-F8EB-4702-A2FE-8E59CB68F1FB}.Release|x86.ActiveCfg = Release|Any CPU
		{BAA7007E-F8EB-4702-A2FE-8E59CB68F1FB}.Release|x86.Build.0 = Release|Any CPU
		{7EB4058A-E459-4154-8A16-5E63796B8B97}.Debug|Any CPU.ActiveCfg = Debug|Any CPU
		{7EB4058A-E459-4154-8A16-5E63796B8B97}.Debug|Any CPU.Build.0 = Debug|Any CPU
		{7EB4058A-E459-4154-8A16-5E63796B8B97}.Debug|x64.ActiveCfg = Debug|Any CPU
		{7EB4058A-E459-4154-8A16-5E63796B8B97}.Debug|x64.Build.0 = Debug|Any CPU
		{7EB4058A-E459-4154-8A16-5E63796B8B97}.Debug|x86.ActiveCfg = Debug|Any CPU
		{7EB4058A-E459-4154-8A16-5E63796B8B97}.Debug|x86.Build.0 = Debug|Any CPU
		{7EB4058A-E459-4154-8A16-5E63796B8B97}.Release|Any CPU.ActiveCfg = Release|Any CPU
		{7EB4058A-E459-4154-8A16-5E63796B8B97}.Release|Any CPU.Build.0 = Release|Any CPU
		{7EB4058A-E459-4154-8A16-5E63796B8B97}.Release|x64.ActiveCfg = Release|Any CPU
		{7EB4058A-E459-4154-8A16-5E63796B8B97}.Release|x64.Build.0 = Release|Any CPU
		{7EB4058A-E459-4154-8A16-5E63796B8B97}.Release|x86.ActiveCfg = Release|Any CPU
		{7EB4058A-E459-4154-8A16-5E63796B8B97}.Release|x86.Build.0 = Release|Any CPU
		{2B69E0D1-4D97-4388-A854-60CE0124BD32}.Debug|Any CPU.ActiveCfg = Debug|Any CPU
		{2B69E0D1-4D97-4388-A854-60CE0124BD32}.Debug|Any CPU.Build.0 = Debug|Any CPU
		{2B69E0D1-4D97-4388-A854-60CE0124BD32}.Debug|x64.ActiveCfg = Debug|Any CPU
		{2B69E0D1-4D97-4388-A854-60CE0124BD32}.Debug|x64.Build.0 = Debug|Any CPU
		{2B69E0D1-4D97-4388-A854-60CE0124BD32}.Debug|x86.ActiveCfg = Debug|Any CPU
		{2B69E0D1-4D97-4388-A854-60CE0124BD32}.Debug|x86.Build.0 = Debug|Any CPU
		{2B69E0D1-4D97-4388-A854-60CE0124BD32}.Release|Any CPU.ActiveCfg = Release|Any CPU
		{2B69E0D1-4D97-4388-A854-60CE0124BD32}.Release|Any CPU.Build.0 = Release|Any CPU
		{2B69E0D1-4D97-4388-A854-60CE0124BD32}.Release|x64.ActiveCfg = Release|Any CPU
		{2B69E0D1-4D97-4388-A854-60CE0124BD32}.Release|x64.Build.0 = Release|Any CPU
		{2B69E0D1-4D97-4388-A854-60CE0124BD32}.Release|x86.ActiveCfg = Release|Any CPU
		{2B69E0D1-4D97-4388-A854-60CE0124BD32}.Release|x86.Build.0 = Release|Any CPU
	EndGlobalSection
	GlobalSection(SolutionProperties) = preSolution
		HideSolutionNode = FALSE
	EndGlobalSection
EndGlobal
